// !$*UTF8*$!
{
	archiveVersion = 1;
	classes = {
	};
	objectVersion = 56;
	objects = {

/* Begin PBXBuildFile section */
		F86357B42AF5B74C00C22E5A /* ClicketyClickApp.swift in Sources */ = {isa = PBXBuildFile; fileRef = F86357B32AF5B74C00C22E5A /* ClicketyClickApp.swift */; };
		F86357B62AF5B74C00C22E5A /* ContentView.swift in Sources */ = {isa = PBXBuildFile; fileRef = F86357B52AF5B74C00C22E5A /* ContentView.swift */; };
		F86357B82AF5B74D00C22E5A /* Assets.xcassets in Resources */ = {isa = PBXBuildFile; fileRef = F86357B72AF5B74D00C22E5A /* Assets.xcassets */; };
		F86357BB2AF5B74D00C22E5A /* Preview Assets.xcassets in Resources */ = {isa = PBXBuildFile; fileRef = F86357BA2AF5B74D00C22E5A /* Preview Assets.xcassets */; };
		F86357C62AF5B74D00C22E5A /* ClicketyClickTests.swift in Sources */ = {isa = PBXBuildFile; fileRef = F86357C52AF5B74D00C22E5A /* ClicketyClickTests.swift */; };
		F86357D02AF5B74D00C22E5A /* ClicketyClickUITests.swift in Sources */ = {isa = PBXBuildFile; fileRef = F86357CF2AF5B74D00C22E5A /* ClicketyClickUITests.swift */; };
		F86357D22AF5B74D00C22E5A /* ClicketyClickUITestsLaunchTests.swift in Sources */ = {isa = PBXBuildFile; fileRef = F86357D12AF5B74D00C22E5A /* ClicketyClickUITestsLaunchTests.swift */; };
		F86357DF2AF5B78900C22E5A /* AppDelegate.swift in Sources */ = {isa = PBXBuildFile; fileRef = F86357DE2AF5B78900C22E5A /* AppDelegate.swift */; };
		F86357E12AF5B7A300C22E5A /* KeyboardEventHandler.swift in Sources */ = {isa = PBXBuildFile; fileRef = F86357E02AF5B7A300C22E5A /* KeyboardEventHandler.swift */; };
		F86357E82AF5B84C00C22E5A /* key.m4a in Resources */ = {isa = PBXBuildFile; fileRef = F86357E52AF5B84C00C22E5A /* key.m4a */; };
		F86357E92AF5B84C00C22E5A /* a_released.m4a in Resources */ = {isa = PBXBuildFile; fileRef = F86357E62AF5B84C00C22E5A /* a_released.m4a */; };
		F86357EA2AF5B84C00C22E5A /* a_pressed.m4a in Resources */ = {isa = PBXBuildFile; fileRef = F86357E72AF5B84C00C22E5A /* a_pressed.m4a */; };
		F86357EC2AF5D4AB00C22E5A /* KeyState.swift in Sources */ = {isa = PBXBuildFile; fileRef = F86357EB2AF5D4AB00C22E5A /* KeyState.swift */; };
		F86357F32AF5DCEE00C22E5A /* default_pressed.m4a in Resources */ = {isa = PBXBuildFile; fileRef = F86357F12AF5DB8200C22E5A /* default_pressed.m4a */; };
		F86357F42AF5DCF100C22E5A /* default_released.m4a in Resources */ = {isa = PBXBuildFile; fileRef = F86357F22AF5DB8200C22E5A /* default_released.m4a */; };
		F86358112AF671C000C22E5A /* MenuView.swift in Sources */ = {isa = PBXBuildFile; fileRef = F86358102AF671C000C22E5A /* MenuView.swift */; };
		F8B479D52AF6D6BF001DF86B /* SoundManager.swift in Sources */ = {isa = PBXBuildFile; fileRef = F8B479D42AF6D6BF001DF86B /* SoundManager.swift */; };
		F8B479D72AF6D827001DF86B /* KeyboardManager.swift in Sources */ = {isa = PBXBuildFile; fileRef = F8B479D62AF6D827001DF86B /* KeyboardManager.swift */; };
		F8D49F002AF8160A00BE6F29 /* SoundEffect.swift in Sources */ = {isa = PBXBuildFile; fileRef = F8D49EFF2AF8160A00BE6F29 /* SoundEffect.swift */; };
		F8D49F032AF81C2400BE6F29 /* KeyboardEventSoundDelegate.swift in Sources */ = {isa = PBXBuildFile; fileRef = F8D49F022AF81C2400BE6F29 /* KeyboardEventSoundDelegate.swift */; };
		F8D49F052AF81D7600BE6F29 /* Key.swift in Sources */ = {isa = PBXBuildFile; fileRef = F8D49F042AF81D7600BE6F29 /* Key.swift */; };
		F8D49F072AF8259700BE6F29 /* DataLoaderService.swift in Sources */ = {isa = PBXBuildFile; fileRef = F8D49F062AF8259700BE6F29 /* DataLoaderService.swift */; };
		F8D49F092AF8277700BE6F29 /* keys.json in Resources */ = {isa = PBXBuildFile; fileRef = F8D49F082AF8277700BE6F29 /* keys.json */; };
		F8D49F172AF8279D00BE6F29 /* space_pressed.mp3 in Resources */ = {isa = PBXBuildFile; fileRef = F8D49F0B2AF8279D00BE6F29 /* space_pressed.mp3 */; };
		F8D49F182AF8279D00BE6F29 /* generic_0_pressed.mp3 in Resources */ = {isa = PBXBuildFile; fileRef = F8D49F0C2AF8279D00BE6F29 /* generic_0_pressed.mp3 */; };
		F8D49F192AF8279D00BE6F29 /* generic_3_pressed.mp3 in Resources */ = {isa = PBXBuildFile; fileRef = F8D49F0D2AF8279D00BE6F29 /* generic_3_pressed.mp3 */; };
		F8D49F1A2AF8279D00BE6F29 /* space_released.mp3 in Resources */ = {isa = PBXBuildFile; fileRef = F8D49F0E2AF8279D00BE6F29 /* space_released.mp3 */; };
		F8D49F1B2AF8279D00BE6F29 /* generic_1_pressed.mp3 in Resources */ = {isa = PBXBuildFile; fileRef = F8D49F0F2AF8279D00BE6F29 /* generic_1_pressed.mp3 */; };
		F8D49F1C2AF8279D00BE6F29 /* backspace_released.mp3 in Resources */ = {isa = PBXBuildFile; fileRef = F8D49F102AF8279D00BE6F29 /* backspace_released.mp3 */; };
		F8D49F1D2AF8279D00BE6F29 /* generic_released.mp3 in Resources */ = {isa = PBXBuildFile; fileRef = F8D49F112AF8279D00BE6F29 /* generic_released.mp3 */; };
		F8D49F1E2AF8279D00BE6F29 /* generic_4_pressed.mp3 in Resources */ = {isa = PBXBuildFile; fileRef = F8D49F122AF8279D00BE6F29 /* generic_4_pressed.mp3 */; };
		F8D49F1F2AF8279D00BE6F29 /* return_pressed.mp3 in Resources */ = {isa = PBXBuildFile; fileRef = F8D49F132AF8279D00BE6F29 /* return_pressed.mp3 */; };
		F8D49F202AF8279D00BE6F29 /* backspace_pressed.mp3 in Resources */ = {isa = PBXBuildFile; fileRef = F8D49F142AF8279D00BE6F29 /* backspace_pressed.mp3 */; };
		F8D49F212AF8279D00BE6F29 /* return_released.mp3 in Resources */ = {isa = PBXBuildFile; fileRef = F8D49F152AF8279D00BE6F29 /* return_released.mp3 */; };
		F8D49F222AF8279D00BE6F29 /* generic_2_pressed.mp3 in Resources */ = {isa = PBXBuildFile; fileRef = F8D49F162AF8279D00BE6F29 /* generic_2_pressed.mp3 */; };
/* End PBXBuildFile section */

/* Begin PBXContainerItemProxy section */
		F86357C22AF5B74D00C22E5A /* PBXContainerItemProxy */ = {
			isa = PBXContainerItemProxy;
			containerPortal = F86357A82AF5B74C00C22E5A /* Project object */;
			proxyType = 1;
			remoteGlobalIDString = F86357AF2AF5B74C00C22E5A;
			remoteInfo = ClicketyClick;
		};
		F86357CC2AF5B74D00C22E5A /* PBXContainerItemProxy */ = {
			isa = PBXContainerItemProxy;
			containerPortal = F86357A82AF5B74C00C22E5A /* Project object */;
			proxyType = 1;
			remoteGlobalIDString = F86357AF2AF5B74C00C22E5A;
			remoteInfo = ClicketyClick;
		};
/* End PBXContainerItemProxy section */

/* Begin PBXFileReference section */
		F86357B02AF5B74C00C22E5A /* ClicketyClick.app */ = {isa = PBXFileReference; explicitFileType = wrapper.application; includeInIndex = 0; path = ClicketyClick.app; sourceTree = BUILT_PRODUCTS_DIR; };
		F86357B32AF5B74C00C22E5A /* ClicketyClickApp.swift */ = {isa = PBXFileReference; lastKnownFileType = sourcecode.swift; path = ClicketyClickApp.swift; sourceTree = "<group>"; };
		F86357B52AF5B74C00C22E5A /* ContentView.swift */ = {isa = PBXFileReference; lastKnownFileType = sourcecode.swift; path = ContentView.swift; sourceTree = "<group>"; };
		F86357B72AF5B74D00C22E5A /* Assets.xcassets */ = {isa = PBXFileReference; lastKnownFileType = folder.assetcatalog; path = Assets.xcassets; sourceTree = "<group>"; };
		F86357BA2AF5B74D00C22E5A /* Preview Assets.xcassets */ = {isa = PBXFileReference; lastKnownFileType = folder.assetcatalog; path = "Preview Assets.xcassets"; sourceTree = "<group>"; };
		F86357BC2AF5B74D00C22E5A /* ClicketyClick.entitlements */ = {isa = PBXFileReference; lastKnownFileType = text.plist.entitlements; path = ClicketyClick.entitlements; sourceTree = "<group>"; };
		F86357C12AF5B74D00C22E5A /* ClicketyClickTests.xctest */ = {isa = PBXFileReference; explicitFileType = wrapper.cfbundle; includeInIndex = 0; path = ClicketyClickTests.xctest; sourceTree = BUILT_PRODUCTS_DIR; };
		F86357C52AF5B74D00C22E5A /* ClicketyClickTests.swift */ = {isa = PBXFileReference; lastKnownFileType = sourcecode.swift; path = ClicketyClickTests.swift; sourceTree = "<group>"; };
		F86357CB2AF5B74D00C22E5A /* ClicketyClickUITests.xctest */ = {isa = PBXFileReference; explicitFileType = wrapper.cfbundle; includeInIndex = 0; path = ClicketyClickUITests.xctest; sourceTree = BUILT_PRODUCTS_DIR; };
		F86357CF2AF5B74D00C22E5A /* ClicketyClickUITests.swift */ = {isa = PBXFileReference; lastKnownFileType = sourcecode.swift; path = ClicketyClickUITests.swift; sourceTree = "<group>"; };
		F86357D12AF5B74D00C22E5A /* ClicketyClickUITestsLaunchTests.swift */ = {isa = PBXFileReference; lastKnownFileType = sourcecode.swift; path = ClicketyClickUITestsLaunchTests.swift; sourceTree = "<group>"; };
		F86357DE2AF5B78900C22E5A /* AppDelegate.swift */ = {isa = PBXFileReference; lastKnownFileType = sourcecode.swift; path = AppDelegate.swift; sourceTree = "<group>"; };
		F86357E02AF5B7A300C22E5A /* KeyboardEventHandler.swift */ = {isa = PBXFileReference; lastKnownFileType = sourcecode.swift; path = KeyboardEventHandler.swift; sourceTree = "<group>"; };
		F86357E52AF5B84C00C22E5A /* key.m4a */ = {isa = PBXFileReference; lastKnownFileType = file; path = key.m4a; sourceTree = "<group>"; };
		F86357E62AF5B84C00C22E5A /* a_released.m4a */ = {isa = PBXFileReference; lastKnownFileType = file; path = a_released.m4a; sourceTree = "<group>"; };
		F86357E72AF5B84C00C22E5A /* a_pressed.m4a */ = {isa = PBXFileReference; lastKnownFileType = file; path = a_pressed.m4a; sourceTree = "<group>"; };
		F86357EB2AF5D4AB00C22E5A /* KeyState.swift */ = {isa = PBXFileReference; lastKnownFileType = sourcecode.swift; path = KeyState.swift; sourceTree = "<group>"; };
		F86357F12AF5DB8200C22E5A /* default_pressed.m4a */ = {isa = PBXFileReference; lastKnownFileType = file; path = default_pressed.m4a; sourceTree = "<group>"; };
		F86357F22AF5DB8200C22E5A /* default_released.m4a */ = {isa = PBXFileReference; lastKnownFileType = file; path = default_released.m4a; sourceTree = "<group>"; };
		F86358102AF671C000C22E5A /* MenuView.swift */ = {isa = PBXFileReference; lastKnownFileType = sourcecode.swift; path = MenuView.swift; sourceTree = "<group>"; };
		F8B479D42AF6D6BF001DF86B /* SoundManager.swift */ = {isa = PBXFileReference; lastKnownFileType = sourcecode.swift; path = SoundManager.swift; sourceTree = "<group>"; };
		F8B479D62AF6D827001DF86B /* KeyboardManager.swift */ = {isa = PBXFileReference; lastKnownFileType = sourcecode.swift; path = KeyboardManager.swift; sourceTree = "<group>"; };
		F8B479DC2AF813E2001DF86B /* key.m4a */ = {isa = PBXFileReference; lastKnownFileType = file; path = key.m4a; sourceTree = "<group>"; };
		F8B479DD2AF813E2001DF86B /* default_released.m4a */ = {isa = PBXFileReference; lastKnownFileType = file; path = default_released.m4a; sourceTree = "<group>"; };
		F8B479DE2AF813E2001DF86B /* a_released.m4a */ = {isa = PBXFileReference; lastKnownFileType = file; path = a_released.m4a; sourceTree = "<group>"; };
		F8B479DF2AF813E2001DF86B /* default_pressed.m4a */ = {isa = PBXFileReference; lastKnownFileType = file; path = default_pressed.m4a; sourceTree = "<group>"; };
		F8B479E02AF813E2001DF86B /* a_pressed.m4a */ = {isa = PBXFileReference; lastKnownFileType = file; path = a_pressed.m4a; sourceTree = "<group>"; };
		F8D49EFF2AF8160A00BE6F29 /* SoundEffect.swift */ = {isa = PBXFileReference; lastKnownFileType = sourcecode.swift; path = SoundEffect.swift; sourceTree = "<group>"; };
		F8D49F022AF81C2400BE6F29 /* KeyboardEventSoundDelegate.swift */ = {isa = PBXFileReference; lastKnownFileType = sourcecode.swift; path = KeyboardEventSoundDelegate.swift; sourceTree = "<group>"; };
		F8D49F042AF81D7600BE6F29 /* Key.swift */ = {isa = PBXFileReference; lastKnownFileType = sourcecode.swift; path = Key.swift; sourceTree = "<group>"; };
		F8D49F062AF8259700BE6F29 /* DataLoaderService.swift */ = {isa = PBXFileReference; lastKnownFileType = sourcecode.swift; path = DataLoaderService.swift; sourceTree = "<group>"; };
		F8D49F082AF8277700BE6F29 /* keys.json */ = {isa = PBXFileReference; fileEncoding = 4; lastKnownFileType = text.json; path = keys.json; sourceTree = "<group>"; };
		F8D49F0B2AF8279D00BE6F29 /* space_pressed.mp3 */ = {isa = PBXFileReference; lastKnownFileType = audio.mp3; path = space_pressed.mp3; sourceTree = "<group>"; };
		F8D49F0C2AF8279D00BE6F29 /* generic_0_pressed.mp3 */ = {isa = PBXFileReference; lastKnownFileType = audio.mp3; path = generic_0_pressed.mp3; sourceTree = "<group>"; };
		F8D49F0D2AF8279D00BE6F29 /* generic_3_pressed.mp3 */ = {isa = PBXFileReference; lastKnownFileType = audio.mp3; path = generic_3_pressed.mp3; sourceTree = "<group>"; };
		F8D49F0E2AF8279D00BE6F29 /* space_released.mp3 */ = {isa = PBXFileReference; lastKnownFileType = audio.mp3; path = space_released.mp3; sourceTree = "<group>"; };
		F8D49F0F2AF8279D00BE6F29 /* generic_1_pressed.mp3 */ = {isa = PBXFileReference; lastKnownFileType = audio.mp3; path = generic_1_pressed.mp3; sourceTree = "<group>"; };
		F8D49F102AF8279D00BE6F29 /* backspace_released.mp3 */ = {isa = PBXFileReference; lastKnownFileType = audio.mp3; path = backspace_released.mp3; sourceTree = "<group>"; };
		F8D49F112AF8279D00BE6F29 /* generic_released.mp3 */ = {isa = PBXFileReference; lastKnownFileType = audio.mp3; path = generic_released.mp3; sourceTree = "<group>"; };
		F8D49F122AF8279D00BE6F29 /* generic_4_pressed.mp3 */ = {isa = PBXFileReference; lastKnownFileType = audio.mp3; path = generic_4_pressed.mp3; sourceTree = "<group>"; };
		F8D49F132AF8279D00BE6F29 /* return_pressed.mp3 */ = {isa = PBXFileReference; lastKnownFileType = audio.mp3; path = return_pressed.mp3; sourceTree = "<group>"; };
		F8D49F142AF8279D00BE6F29 /* backspace_pressed.mp3 */ = {isa = PBXFileReference; lastKnownFileType = audio.mp3; path = backspace_pressed.mp3; sourceTree = "<group>"; };
		F8D49F152AF8279D00BE6F29 /* return_released.mp3 */ = {isa = PBXFileReference; lastKnownFileType = audio.mp3; path = return_released.mp3; sourceTree = "<group>"; };
		F8D49F162AF8279D00BE6F29 /* generic_2_pressed.mp3 */ = {isa = PBXFileReference; lastKnownFileType = audio.mp3; path = generic_2_pressed.mp3; sourceTree = "<group>"; };
/* End PBXFileReference section */

/* Begin PBXFrameworksBuildPhase section */
		F86357AD2AF5B74C00C22E5A /* Frameworks */ = {
			isa = PBXFrameworksBuildPhase;
			buildActionMask = 2147483647;
			files = (
			);
			runOnlyForDeploymentPostprocessing = 0;
		};
		F86357BE2AF5B74D00C22E5A /* Frameworks */ = {
			isa = PBXFrameworksBuildPhase;
			buildActionMask = 2147483647;
			files = (
			);
			runOnlyForDeploymentPostprocessing = 0;
		};
		F86357C82AF5B74D00C22E5A /* Frameworks */ = {
			isa = PBXFrameworksBuildPhase;
			buildActionMask = 2147483647;
			files = (
			);
			runOnlyForDeploymentPostprocessing = 0;
		};
/* End PBXFrameworksBuildPhase section */

/* Begin PBXGroup section */
		F86357A72AF5B74C00C22E5A = {
			isa = PBXGroup;
			children = (
				F86357B22AF5B74C00C22E5A /* ClicketyClick */,
				F86357C42AF5B74D00C22E5A /* ClicketyClickTests */,
				F86357CE2AF5B74D00C22E5A /* ClicketyClickUITests */,
				F86357B12AF5B74C00C22E5A /* Products */,
			);
			sourceTree = "<group>";
		};
		F86357B12AF5B74C00C22E5A /* Products */ = {
			isa = PBXGroup;
			children = (
				F86357B02AF5B74C00C22E5A /* ClicketyClick.app */,
				F86357C12AF5B74D00C22E5A /* ClicketyClickTests.xctest */,
				F86357CB2AF5B74D00C22E5A /* ClicketyClickUITests.xctest */,
			);
			name = Products;
			sourceTree = "<group>";
		};
		F86357B22AF5B74C00C22E5A /* ClicketyClick */ = {
			isa = PBXGroup;
			children = (
				F8D49F012AF81C1B00BE6F29 /* Delegates */,
				F8B479E22AF81401001DF86B /* Services */,
				F8B479E12AF813EC001DF86B /* Managers */,
				F8B479DA2AF813DD001DF86B /* Assets */,
				F8B479D92AF813B5001DF86B /* EventHandlers */,
				F8B479D82AF8139A001DF86B /* Models */,
				F863580E2AF671A700C22E5A /* Views */,
				F86357B32AF5B74C00C22E5A /* ClicketyClickApp.swift */,
				F86357B72AF5B74D00C22E5A /* Assets.xcassets */,
				F86357E42AF5B84C00C22E5A /* Sounds */,
				F86357BC2AF5B74D00C22E5A /* ClicketyClick.entitlements */,
				F86357B92AF5B74D00C22E5A /* Preview Content */,
				F86357DE2AF5B78900C22E5A /* AppDelegate.swift */,
			);
			path = ClicketyClick;
			sourceTree = "<group>";
		};
		F86357B92AF5B74D00C22E5A /* Preview Content */ = {
			isa = PBXGroup;
			children = (
				F86357BA2AF5B74D00C22E5A /* Preview Assets.xcassets */,
			);
			path = "Preview Content";
			sourceTree = "<group>";
		};
		F86357C42AF5B74D00C22E5A /* ClicketyClickTests */ = {
			isa = PBXGroup;
			children = (
				F86357C52AF5B74D00C22E5A /* ClicketyClickTests.swift */,
			);
			path = ClicketyClickTests;
			sourceTree = "<group>";
		};
		F86357CE2AF5B74D00C22E5A /* ClicketyClickUITests */ = {
			isa = PBXGroup;
			children = (
				F86357CF2AF5B74D00C22E5A /* ClicketyClickUITests.swift */,
				F86357D12AF5B74D00C22E5A /* ClicketyClickUITestsLaunchTests.swift */,
			);
			path = ClicketyClickUITests;
			sourceTree = "<group>";
		};
		F86357E42AF5B84C00C22E5A /* Sounds */ = {
			isa = PBXGroup;
			children = (
				F86357F12AF5DB8200C22E5A /* default_pressed.m4a */,
				F86357F22AF5DB8200C22E5A /* default_released.m4a */,
				F86357E52AF5B84C00C22E5A /* key.m4a */,
				F86357E62AF5B84C00C22E5A /* a_released.m4a */,
				F86357E72AF5B84C00C22E5A /* a_pressed.m4a */,
			);
			name = Sounds;
			path = ../../../../../Downloads/Sounds;
			sourceTree = "<group>";
		};
		F863580E2AF671A700C22E5A /* Views */ = {
			isa = PBXGroup;
			children = (
				F86357B52AF5B74C00C22E5A /* ContentView.swift */,
				F863580F2AF671AE00C22E5A /* Menu */,
			);
			path = Views;
			sourceTree = "<group>";
		};
		F863580F2AF671AE00C22E5A /* Menu */ = {
			isa = PBXGroup;
			children = (
				F86358102AF671C000C22E5A /* MenuView.swift */,
			);
			path = Menu;
			sourceTree = "<group>";
		};
		F8B479D82AF8139A001DF86B /* Models */ = {
			isa = PBXGroup;
			children = (
				F86357EB2AF5D4AB00C22E5A /* KeyState.swift */,
				F8D49EFF2AF8160A00BE6F29 /* SoundEffect.swift */,
				F8D49F042AF81D7600BE6F29 /* Key.swift */,
			);
			path = Models;
			sourceTree = "<group>";
		};
		F8B479D92AF813B5001DF86B /* EventHandlers */ = {
			isa = PBXGroup;
			children = (
				F86357E02AF5B7A300C22E5A /* KeyboardEventHandler.swift */,
			);
			path = EventHandlers;
			sourceTree = "<group>";
		};
		F8B479DA2AF813DD001DF86B /* Assets */ = {
			isa = PBXGroup;
			children = (
				F8D49F082AF8277700BE6F29 /* keys.json */,
				F8B479DB2AF813E2001DF86B /* Sounds */,
			);
			path = Assets;
			sourceTree = "<group>";
		};
		F8B479DB2AF813E2001DF86B /* Sounds */ = {
			isa = PBXGroup;
			children = (
				F8D49F0A2AF8279D00BE6F29 /* Cherry_MX_Browns */,
				F8B479DF2AF813E2001DF86B /* default_pressed.m4a */,
				F8B479DD2AF813E2001DF86B /* default_released.m4a */,
				F8B479DC2AF813E2001DF86B /* key.m4a */,
				F8B479DE2AF813E2001DF86B /* a_released.m4a */,
				F8B479E02AF813E2001DF86B /* a_pressed.m4a */,
			);
			path = Sounds;
			sourceTree = "<group>";
		};
		F8B479E12AF813EC001DF86B /* Managers */ = {
			isa = PBXGroup;
			children = (
				F8B479D42AF6D6BF001DF86B /* SoundManager.swift */,
				F8B479D62AF6D827001DF86B /* KeyboardManager.swift */,
			);
			path = Managers;
			sourceTree = "<group>";
		};
		F8B479E22AF81401001DF86B /* Services */ = {
			isa = PBXGroup;
			children = (
				F8D49F062AF8259700BE6F29 /* DataLoaderService.swift */,
			);
			path = Services;
			sourceTree = "<group>";
		};
		F8D49F012AF81C1B00BE6F29 /* Delegates */ = {
			isa = PBXGroup;
			children = (
				F8D49F022AF81C2400BE6F29 /* KeyboardEventSoundDelegate.swift */,
			);
			path = Delegates;
			sourceTree = "<group>";
		};
		F8D49F0A2AF8279D00BE6F29 /* Cherry_MX_Browns */ = {
			isa = PBXGroup;
			children = (
				F8D49F0B2AF8279D00BE6F29 /* space_pressed.mp3 */,
				F8D49F0C2AF8279D00BE6F29 /* generic_0_pressed.mp3 */,
				F8D49F0D2AF8279D00BE6F29 /* generic_3_pressed.mp3 */,
				F8D49F0E2AF8279D00BE6F29 /* space_released.mp3 */,
				F8D49F0F2AF8279D00BE6F29 /* generic_1_pressed.mp3 */,
				F8D49F102AF8279D00BE6F29 /* backspace_released.mp3 */,
				F8D49F112AF8279D00BE6F29 /* generic_released.mp3 */,
				F8D49F122AF8279D00BE6F29 /* generic_4_pressed.mp3 */,
				F8D49F132AF8279D00BE6F29 /* return_pressed.mp3 */,
				F8D49F142AF8279D00BE6F29 /* backspace_pressed.mp3 */,
				F8D49F152AF8279D00BE6F29 /* return_released.mp3 */,
				F8D49F162AF8279D00BE6F29 /* generic_2_pressed.mp3 */,
			);
			path = Cherry_MX_Browns;
			sourceTree = "<group>";
		};
/* End PBXGroup section */

/* Begin PBXNativeTarget section */
		F86357AF2AF5B74C00C22E5A /* ClicketyClick */ = {
			isa = PBXNativeTarget;
			buildConfigurationList = F86357D52AF5B74D00C22E5A /* Build configuration list for PBXNativeTarget "ClicketyClick" */;
			buildPhases = (
				F86357AC2AF5B74C00C22E5A /* Sources */,
				F86357AD2AF5B74C00C22E5A /* Frameworks */,
				F86357AE2AF5B74C00C22E5A /* Resources */,
			);
			buildRules = (
			);
			dependencies = (
			);
			name = ClicketyClick;
			productName = ClicketyClick;
			productReference = F86357B02AF5B74C00C22E5A /* ClicketyClick.app */;
			productType = "com.apple.product-type.application";
		};
		F86357C02AF5B74D00C22E5A /* ClicketyClickTests */ = {
			isa = PBXNativeTarget;
			buildConfigurationList = F86357D82AF5B74D00C22E5A /* Build configuration list for PBXNativeTarget "ClicketyClickTests" */;
			buildPhases = (
				F86357BD2AF5B74D00C22E5A /* Sources */,
				F86357BE2AF5B74D00C22E5A /* Frameworks */,
				F86357BF2AF5B74D00C22E5A /* Resources */,
			);
			buildRules = (
			);
			dependencies = (
				F86357C32AF5B74D00C22E5A /* PBXTargetDependency */,
			);
			name = ClicketyClickTests;
			productName = ClicketyClickTests;
			productReference = F86357C12AF5B74D00C22E5A /* ClicketyClickTests.xctest */;
			productType = "com.apple.product-type.bundle.unit-test";
		};
		F86357CA2AF5B74D00C22E5A /* ClicketyClickUITests */ = {
			isa = PBXNativeTarget;
			buildConfigurationList = F86357DB2AF5B74D00C22E5A /* Build configuration list for PBXNativeTarget "ClicketyClickUITests" */;
			buildPhases = (
				F86357C72AF5B74D00C22E5A /* Sources */,
				F86357C82AF5B74D00C22E5A /* Frameworks */,
				F86357C92AF5B74D00C22E5A /* Resources */,
			);
			buildRules = (
			);
			dependencies = (
				F86357CD2AF5B74D00C22E5A /* PBXTargetDependency */,
			);
			name = ClicketyClickUITests;
			productName = ClicketyClickUITests;
			productReference = F86357CB2AF5B74D00C22E5A /* ClicketyClickUITests.xctest */;
			productType = "com.apple.product-type.bundle.ui-testing";
		};
/* End PBXNativeTarget section */

/* Begin PBXProject section */
		F86357A82AF5B74C00C22E5A /* Project object */ = {
			isa = PBXProject;
			attributes = {
				BuildIndependentTargetsInParallel = 1;
				LastSwiftUpdateCheck = 1500;
				LastUpgradeCheck = 1500;
				TargetAttributes = {
					F86357AF2AF5B74C00C22E5A = {
						CreatedOnToolsVersion = 15.0;
					};
					F86357C02AF5B74D00C22E5A = {
						CreatedOnToolsVersion = 15.0;
						TestTargetID = F86357AF2AF5B74C00C22E5A;
					};
					F86357CA2AF5B74D00C22E5A = {
						CreatedOnToolsVersion = 15.0;
						TestTargetID = F86357AF2AF5B74C00C22E5A;
					};
				};
			};
			buildConfigurationList = F86357AB2AF5B74C00C22E5A /* Build configuration list for PBXProject "ClicketyClick" */;
			compatibilityVersion = "Xcode 14.0";
			developmentRegion = en;
			hasScannedForEncodings = 0;
			knownRegions = (
				en,
				Base,
			);
			mainGroup = F86357A72AF5B74C00C22E5A;
			productRefGroup = F86357B12AF5B74C00C22E5A /* Products */;
			projectDirPath = "";
			projectRoot = "";
			targets = (
				F86357AF2AF5B74C00C22E5A /* ClicketyClick */,
				F86357C02AF5B74D00C22E5A /* ClicketyClickTests */,
				F86357CA2AF5B74D00C22E5A /* ClicketyClickUITests */,
			);
		};
/* End PBXProject section */

/* Begin PBXResourcesBuildPhase section */
		F86357AE2AF5B74C00C22E5A /* Resources */ = {
			isa = PBXResourcesBuildPhase;
			buildActionMask = 2147483647;
			files = (
				F86357E82AF5B84C00C22E5A /* key.m4a in Resources */,
				F86357F42AF5DCF100C22E5A /* default_released.m4a in Resources */,
				F8D49F182AF8279D00BE6F29 /* generic_0_pressed.mp3 in Resources */,
				F86357EA2AF5B84C00C22E5A /* a_pressed.m4a in Resources */,
				F8D49F1A2AF8279D00BE6F29 /* space_released.mp3 in Resources */,
				F8D49F1D2AF8279D00BE6F29 /* generic_released.mp3 in Resources */,
				F8D49F222AF8279D00BE6F29 /* generic_2_pressed.mp3 in Resources */,
				F8D49F1B2AF8279D00BE6F29 /* generic_1_pressed.mp3 in Resources */,
				F8D49F192AF8279D00BE6F29 /* generic_3_pressed.mp3 in Resources */,
				F8D49F1E2AF8279D00BE6F29 /* generic_4_pressed.mp3 in Resources */,
				F8D49F1C2AF8279D00BE6F29 /* backspace_released.mp3 in Resources */,
				F8D49F212AF8279D00BE6F29 /* return_released.mp3 in Resources */,
				F86357E92AF5B84C00C22E5A /* a_released.m4a in Resources */,
				F8D49F1F2AF8279D00BE6F29 /* return_pressed.mp3 in Resources */,
				F86357F32AF5DCEE00C22E5A /* default_pressed.m4a in Resources */,
				F8D49F202AF8279D00BE6F29 /* backspace_pressed.mp3 in Resources */,
				F8D49F092AF8277700BE6F29 /* keys.json in Resources */,
				F86357BB2AF5B74D00C22E5A /* Preview Assets.xcassets in Resources */,
				F8D49F172AF8279D00BE6F29 /* space_pressed.mp3 in Resources */,
				F86357B82AF5B74D00C22E5A /* Assets.xcassets in Resources */,
			);
			runOnlyForDeploymentPostprocessing = 0;
		};
		F86357BF2AF5B74D00C22E5A /* Resources */ = {
			isa = PBXResourcesBuildPhase;
			buildActionMask = 2147483647;
			files = (
			);
			runOnlyForDeploymentPostprocessing = 0;
		};
		F86357C92AF5B74D00C22E5A /* Resources */ = {
			isa = PBXResourcesBuildPhase;
			buildActionMask = 2147483647;
			files = (
			);
			runOnlyForDeploymentPostprocessing = 0;
		};
/* End PBXResourcesBuildPhase section */

/* Begin PBXSourcesBuildPhase section */
		F86357AC2AF5B74C00C22E5A /* Sources */ = {
			isa = PBXSourcesBuildPhase;
			buildActionMask = 2147483647;
			files = (
				F8D49F032AF81C2400BE6F29 /* KeyboardEventSoundDelegate.swift in Sources */,
				F86358112AF671C000C22E5A /* MenuView.swift in Sources */,
				F8D49F052AF81D7600BE6F29 /* Key.swift in Sources */,
				F8B479D52AF6D6BF001DF86B /* SoundManager.swift in Sources */,
				F8D49F072AF8259700BE6F29 /* DataLoaderService.swift in Sources */,
				F8D49F002AF8160A00BE6F29 /* SoundEffect.swift in Sources */,
				F86357EC2AF5D4AB00C22E5A /* KeyState.swift in Sources */,
				F86357DF2AF5B78900C22E5A /* AppDelegate.swift in Sources */,
				F86357B62AF5B74C00C22E5A /* ContentView.swift in Sources */,
				F8B479D72AF6D827001DF86B /* KeyboardManager.swift in Sources */,
				F86357E12AF5B7A300C22E5A /* KeyboardEventHandler.swift in Sources */,
				F86357B42AF5B74C00C22E5A /* ClicketyClickApp.swift in Sources */,
			);
			runOnlyForDeploymentPostprocessing = 0;
		};
		F86357BD2AF5B74D00C22E5A /* Sources */ = {
			isa = PBXSourcesBuildPhase;
			buildActionMask = 2147483647;
			files = (
				F86357C62AF5B74D00C22E5A /* ClicketyClickTests.swift in Sources */,
			);
			runOnlyForDeploymentPostprocessing = 0;
		};
		F86357C72AF5B74D00C22E5A /* Sources */ = {
			isa = PBXSourcesBuildPhase;
			buildActionMask = 2147483647;
			files = (
				F86357D02AF5B74D00C22E5A /* ClicketyClickUITests.swift in Sources */,
				F86357D22AF5B74D00C22E5A /* ClicketyClickUITestsLaunchTests.swift in Sources */,
			);
			runOnlyForDeploymentPostprocessing = 0;
		};
/* End PBXSourcesBuildPhase section */

/* Begin PBXTargetDependency section */
		F86357C32AF5B74D00C22E5A /* PBXTargetDependency */ = {
			isa = PBXTargetDependency;
			target = F86357AF2AF5B74C00C22E5A /* ClicketyClick */;
			targetProxy = F86357C22AF5B74D00C22E5A /* PBXContainerItemProxy */;
		};
		F86357CD2AF5B74D00C22E5A /* PBXTargetDependency */ = {
			isa = PBXTargetDependency;
			target = F86357AF2AF5B74C00C22E5A /* ClicketyClick */;
			targetProxy = F86357CC2AF5B74D00C22E5A /* PBXContainerItemProxy */;
		};
/* End PBXTargetDependency section */

/* Begin XCBuildConfiguration section */
		F86357D32AF5B74D00C22E5A /* Debug */ = {
			isa = XCBuildConfiguration;
			buildSettings = {
				ALWAYS_SEARCH_USER_PATHS = NO;
				ASSETCATALOG_COMPILER_GENERATE_SWIFT_ASSET_SYMBOL_EXTENSIONS = YES;
				CLANG_ANALYZER_NONNULL = YES;
				CLANG_ANALYZER_NUMBER_OBJECT_CONVERSION = YES_AGGRESSIVE;
				CLANG_CXX_LANGUAGE_STANDARD = "gnu++20";
				CLANG_ENABLE_MODULES = YES;
				CLANG_ENABLE_OBJC_ARC = YES;
				CLANG_ENABLE_OBJC_WEAK = YES;
				CLANG_WARN_BLOCK_CAPTURE_AUTORELEASING = YES;
				CLANG_WARN_BOOL_CONVERSION = YES;
				CLANG_WARN_COMMA = YES;
				CLANG_WARN_CONSTANT_CONVERSION = YES;
				CLANG_WARN_DEPRECATED_OBJC_IMPLEMENTATIONS = YES;
				CLANG_WARN_DIRECT_OBJC_ISA_USAGE = YES_ERROR;
				CLANG_WARN_DOCUMENTATION_COMMENTS = YES;
				CLANG_WARN_EMPTY_BODY = YES;
				CLANG_WARN_ENUM_CONVERSION = YES;
				CLANG_WARN_INFINITE_RECURSION = YES;
				CLANG_WARN_INT_CONVERSION = YES;
				CLANG_WARN_NON_LITERAL_NULL_CONVERSION = YES;
				CLANG_WARN_OBJC_IMPLICIT_RETAIN_SELF = YES;
				CLANG_WARN_OBJC_LITERAL_CONVERSION = YES;
				CLANG_WARN_OBJC_ROOT_CLASS = YES_ERROR;
				CLANG_WARN_QUOTED_INCLUDE_IN_FRAMEWORK_HEADER = YES;
				CLANG_WARN_RANGE_LOOP_ANALYSIS = YES;
				CLANG_WARN_STRICT_PROTOTYPES = YES;
				CLANG_WARN_SUSPICIOUS_MOVE = YES;
				CLANG_WARN_UNGUARDED_AVAILABILITY = YES_AGGRESSIVE;
				CLANG_WARN_UNREACHABLE_CODE = YES;
				CLANG_WARN__DUPLICATE_METHOD_MATCH = YES;
				COPY_PHASE_STRIP = NO;
				DEBUG_INFORMATION_FORMAT = dwarf;
				ENABLE_STRICT_OBJC_MSGSEND = YES;
				ENABLE_TESTABILITY = YES;
				ENABLE_USER_SCRIPT_SANDBOXING = YES;
				GCC_C_LANGUAGE_STANDARD = gnu17;
				GCC_DYNAMIC_NO_PIC = NO;
				GCC_NO_COMMON_BLOCKS = YES;
				GCC_OPTIMIZATION_LEVEL = 0;
				GCC_PREPROCESSOR_DEFINITIONS = (
					"DEBUG=1",
					"$(inherited)",
				);
				GCC_WARN_64_TO_32_BIT_CONVERSION = YES;
				GCC_WARN_ABOUT_RETURN_TYPE = YES_ERROR;
				GCC_WARN_UNDECLARED_SELECTOR = YES;
				GCC_WARN_UNINITIALIZED_AUTOS = YES_AGGRESSIVE;
				GCC_WARN_UNUSED_FUNCTION = YES;
				GCC_WARN_UNUSED_VARIABLE = YES;
				LOCALIZATION_PREFERS_STRING_CATALOGS = YES;
				MACOSX_DEPLOYMENT_TARGET = 14.0;
				MTL_ENABLE_DEBUG_INFO = INCLUDE_SOURCE;
				MTL_FAST_MATH = YES;
				ONLY_ACTIVE_ARCH = YES;
				SDKROOT = macosx;
				SWIFT_ACTIVE_COMPILATION_CONDITIONS = "DEBUG $(inherited)";
				SWIFT_OPTIMIZATION_LEVEL = "-Onone";
			};
			name = Debug;
		};
		F86357D42AF5B74D00C22E5A /* Release */ = {
			isa = XCBuildConfiguration;
			buildSettings = {
				ALWAYS_SEARCH_USER_PATHS = NO;
				ASSETCATALOG_COMPILER_GENERATE_SWIFT_ASSET_SYMBOL_EXTENSIONS = YES;
				CLANG_ANALYZER_NONNULL = YES;
				CLANG_ANALYZER_NUMBER_OBJECT_CONVERSION = YES_AGGRESSIVE;
				CLANG_CXX_LANGUAGE_STANDARD = "gnu++20";
				CLANG_ENABLE_MODULES = YES;
				CLANG_ENABLE_OBJC_ARC = YES;
				CLANG_ENABLE_OBJC_WEAK = YES;
				CLANG_WARN_BLOCK_CAPTURE_AUTORELEASING = YES;
				CLANG_WARN_BOOL_CONVERSION = YES;
				CLANG_WARN_COMMA = YES;
				CLANG_WARN_CONSTANT_CONVERSION = YES;
				CLANG_WARN_DEPRECATED_OBJC_IMPLEMENTATIONS = YES;
				CLANG_WARN_DIRECT_OBJC_ISA_USAGE = YES_ERROR;
				CLANG_WARN_DOCUMENTATION_COMMENTS = YES;
				CLANG_WARN_EMPTY_BODY = YES;
				CLANG_WARN_ENUM_CONVERSION = YES;
				CLANG_WARN_INFINITE_RECURSION = YES;
				CLANG_WARN_INT_CONVERSION = YES;
				CLANG_WARN_NON_LITERAL_NULL_CONVERSION = YES;
				CLANG_WARN_OBJC_IMPLICIT_RETAIN_SELF = YES;
				CLANG_WARN_OBJC_LITERAL_CONVERSION = YES;
				CLANG_WARN_OBJC_ROOT_CLASS = YES_ERROR;
				CLANG_WARN_QUOTED_INCLUDE_IN_FRAMEWORK_HEADER = YES;
				CLANG_WARN_RANGE_LOOP_ANALYSIS = YES;
				CLANG_WARN_STRICT_PROTOTYPES = YES;
				CLANG_WARN_SUSPICIOUS_MOVE = YES;
				CLANG_WARN_UNGUARDED_AVAILABILITY = YES_AGGRESSIVE;
				CLANG_WARN_UNREACHABLE_CODE = YES;
				CLANG_WARN__DUPLICATE_METHOD_MATCH = YES;
				COPY_PHASE_STRIP = NO;
				DEBUG_INFORMATION_FORMAT = "dwarf-with-dsym";
				ENABLE_NS_ASSERTIONS = NO;
				ENABLE_STRICT_OBJC_MSGSEND = YES;
				ENABLE_USER_SCRIPT_SANDBOXING = YES;
				GCC_C_LANGUAGE_STANDARD = gnu17;
				GCC_NO_COMMON_BLOCKS = YES;
				GCC_WARN_64_TO_32_BIT_CONVERSION = YES;
				GCC_WARN_ABOUT_RETURN_TYPE = YES_ERROR;
				GCC_WARN_UNDECLARED_SELECTOR = YES;
				GCC_WARN_UNINITIALIZED_AUTOS = YES_AGGRESSIVE;
				GCC_WARN_UNUSED_FUNCTION = YES;
				GCC_WARN_UNUSED_VARIABLE = YES;
				LOCALIZATION_PREFERS_STRING_CATALOGS = YES;
				MACOSX_DEPLOYMENT_TARGET = 14.0;
				MTL_ENABLE_DEBUG_INFO = NO;
				MTL_FAST_MATH = YES;
				SDKROOT = macosx;
				SWIFT_COMPILATION_MODE = wholemodule;
			};
			name = Release;
		};
		F86357D62AF5B74D00C22E5A /* Debug */ = {
			isa = XCBuildConfiguration;
			buildSettings = {
				ASSETCATALOG_COMPILER_APPICON_NAME = AppIcon;
				ASSETCATALOG_COMPILER_GLOBAL_ACCENT_COLOR_NAME = AccentColor;
				CODE_SIGN_ENTITLEMENTS = ClicketyClick/ClicketyClick.entitlements;
				CODE_SIGN_STYLE = Automatic;
				COMBINE_HIDPI_IMAGES = YES;
				CURRENT_PROJECT_VERSION = 1;
				DEVELOPMENT_ASSET_PATHS = "\"ClicketyClick/Preview Content\"";
				DEVELOPMENT_TEAM = U68ZY6R8GX;
				ENABLE_HARDENED_RUNTIME = YES;
				ENABLE_PREVIEWS = YES;
				GENERATE_INFOPLIST_FILE = YES;
				INFOPLIST_KEY_NSHumanReadableCopyright = "";
				LD_RUNPATH_SEARCH_PATHS = (
					"$(inherited)",
					"@executable_path/../Frameworks",
				);
				MARKETING_VERSION = 1.0;
				PRODUCT_BUNDLE_IDENTIFIER = adia.dev.ClicketyClick;
				PRODUCT_NAME = "$(TARGET_NAME)";
				SWIFT_EMIT_LOC_STRINGS = YES;
				SWIFT_VERSION = 5.0;
			};
			name = Debug;
		};
		F86357D72AF5B74D00C22E5A /* Release */ = {
			isa = XCBuildConfiguration;
			buildSettings = {
				ASSETCATALOG_COMPILER_APPICON_NAME = AppIcon;
				ASSETCATALOG_COMPILER_GLOBAL_ACCENT_COLOR_NAME = AccentColor;
				CODE_SIGN_ENTITLEMENTS = ClicketyClick/ClicketyClick.entitlements;
				CODE_SIGN_STYLE = Automatic;
				COMBINE_HIDPI_IMAGES = YES;
				CURRENT_PROJECT_VERSION = 1;
				DEVELOPMENT_ASSET_PATHS = "\"ClicketyClick/Preview Content\"";
				DEVELOPMENT_TEAM = U68ZY6R8GX;
				ENABLE_HARDENED_RUNTIME = YES;
				ENABLE_PREVIEWS = YES;
				GENERATE_INFOPLIST_FILE = YES;
				INFOPLIST_KEY_NSHumanReadableCopyright = "";
				LD_RUNPATH_SEARCH_PATHS = (
					"$(inherited)",
					"@executable_path/../Frameworks",
				);
				MARKETING_VERSION = 1.0;
				PRODUCT_BUNDLE_IDENTIFIER = adia.dev.ClicketyClick;
				PRODUCT_NAME = "$(TARGET_NAME)";
				SWIFT_EMIT_LOC_STRINGS = YES;
				SWIFT_VERSION = 5.0;
			};
			name = Release;
		};
		F86357D92AF5B74D00C22E5A /* Debug */ = {
			isa = XCBuildConfiguration;
			buildSettings = {
				ALWAYS_EMBED_SWIFT_STANDARD_LIBRARIES = YES;
				BUNDLE_LOADER = "$(TEST_HOST)";
				CODE_SIGN_STYLE = Automatic;
				CURRENT_PROJECT_VERSION = 1;
				DEVELOPMENT_TEAM = AQQ39ZZJZ4;
				GENERATE_INFOPLIST_FILE = YES;
				MACOSX_DEPLOYMENT_TARGET = 14.0;
				MARKETING_VERSION = 1.0;
				PRODUCT_BUNDLE_IDENTIFIER = adia.dev.ClicketyClickTests;
				PRODUCT_NAME = "$(TARGET_NAME)";
				SWIFT_EMIT_LOC_STRINGS = NO;
				SWIFT_VERSION = 5.0;
				TEST_HOST = "$(BUILT_PRODUCTS_DIR)/ClicketyClick.app/$(BUNDLE_EXECUTABLE_FOLDER_PATH)/ClicketyClick";
			};
			name = Debug;
		};
		F86357DA2AF5B74D00C22E5A /* Release */ = {
			isa = XCBuildConfiguration;
			buildSettings = {
				ALWAYS_EMBED_SWIFT_STANDARD_LIBRARIES = YES;
				BUNDLE_LOADER = "$(TEST_HOST)";
				CODE_SIGN_STYLE = Automatic;
				CURRENT_PROJECT_VERSION = 1;
				DEVELOPMENT_TEAM = AQQ39ZZJZ4;
				GENERATE_INFOPLIST_FILE = YES;
				MACOSX_DEPLOYMENT_TARGET = 14.0;
				MARKETING_VERSION = 1.0;
				PRODUCT_BUNDLE_IDENTIFIER = adia.dev.ClicketyClickTests;
				PRODUCT_NAME = "$(TARGET_NAME)";
				SWIFT_EMIT_LOC_STRINGS = NO;
				SWIFT_VERSION = 5.0;
				TEST_HOST = "$(BUILT_PRODUCTS_DIR)/ClicketyClick.app/$(BUNDLE_EXECUTABLE_FOLDER_PATH)/ClicketyClick";
			};
			name = Release;
		};
		F86357DC2AF5B74D00C22E5A /* Debug */ = {
			isa = XCBuildConfiguration;
			buildSettings = {
				ALWAYS_EMBED_SWIFT_STANDARD_LIBRARIES = YES;
				CODE_SIGN_STYLE = Automatic;
				CURRENT_PROJECT_VERSION = 1;
				DEVELOPMENT_TEAM = AQQ39ZZJZ4;
				GENERATE_INFOPLIST_FILE = YES;
				MARKETING_VERSION = 1.0;
				PRODUCT_BUNDLE_IDENTIFIER = adia.dev.ClicketyClickUITests;
				PRODUCT_NAME = "$(TARGET_NAME)";
				SWIFT_EMIT_LOC_STRINGS = NO;
				SWIFT_VERSION = 5.0;
				TEST_TARGET_NAME = ClicketyClick;
			};
			name = Debug;
		};
		F86357DD2AF5B74D00C22E5A /* Release */ = {
			isa = XCBuildConfiguration;
			buildSettings = {
				ALWAYS_EMBED_SWIFT_STANDARD_LIBRARIES = YES;
				CODE_SIGN_STYLE = Automatic;
				CURRENT_PROJECT_VERSION = 1;
				DEVELOPMENT_TEAM = AQQ39ZZJZ4;
				GENERATE_INFOPLIST_FILE = YES;
				MARKETING_VERSION = 1.0;
				PRODUCT_BUNDLE_IDENTIFIER = adia.dev.ClicketyClickUITests;
				PRODUCT_NAME = "$(TARGET_NAME)";
				SWIFT_EMIT_LOC_STRINGS = NO;
				SWIFT_VERSION = 5.0;
				TEST_TARGET_NAME = ClicketyClick;
			};
			name = Release;
		};
/* End XCBuildConfiguration section */

/* Begin XCConfigurationList section */
		F86357AB2AF5B74C00C22E5A /* Build configuration list for PBXProject "ClicketyClick" */ = {
			isa = XCConfigurationList;
			buildConfigurations = (
				F86357D32AF5B74D00C22E5A /* Debug */,
				F86357D42AF5B74D00C22E5A /* Release */,
			);
			defaultConfigurationIsVisible = 0;
			defaultConfigurationName = Release;
		};
		F86357D52AF5B74D00C22E5A /* Build configuration list for PBXNativeTarget "ClicketyClick" */ = {
			isa = XCConfigurationList;
			buildConfigurations = (
				F86357D62AF5B74D00C22E5A /* Debug */,
				F86357D72AF5B74D00C22E5A /* Release */,
			);
			defaultConfigurationIsVisible = 0;
			defaultConfigurationName = Release;
		};
		F86357D82AF5B74D00C22E5A /* Build configuration list for PBXNativeTarget "ClicketyClickTests" */ = {
			isa = XCConfigurationList;
			buildConfigurations = (
				F86357D92AF5B74D00C22E5A /* Debug */,
				F86357DA2AF5B74D00C22E5A /* Release */,
			);
			defaultConfigurationIsVisible = 0;
			defaultConfigurationName = Release;
		};
		F86357DB2AF5B74D00C22E5A /* Build configuration list for PBXNativeTarget "ClicketyClickUITests" */ = {
			isa = XCConfigurationList;
			buildConfigurations = (
				F86357DC2AF5B74D00C22E5A /* Debug */,
				F86357DD2AF5B74D00C22E5A /* Release */,
			);
			defaultConfigurationIsVisible = 0;
			defaultConfigurationName = Release;
		};
/* End XCConfigurationList section */
	};
	rootObject = F86357A82AF5B74C00C22E5A /* Project object */;
}
